Microsoft Visual Studio Solution File, Format Version 12.00
# Visual Studio Version 17
VisualStudioVersion = 17.5.2.0
MinimumVisualStudioVersion = 10.0.40219.1
Project("{2150E333-8FDC-42A3-9474-1A3956D46DE8}") = "PlaywrightDotnetOwn", "PlaywrightDotnetOwn", "{242F5566-4C95-CBE4-6D31-ED3EC80FD8E3}"
EndProject
Project("{FAE04EC0-301F-11D3-BF4B-00C04F79EFBC}") = "PlaywrightDotnetOwn", "PlaywrightDotnetOwn\PlaywrightDotnetOwn.csproj", "{F00D5703-AE7A-C986-5EE9-5D7CCE8FB42D}"
EndProject
Global
	GlobalSection(SolutionConfigurationPlatforms) = preSolution
		Debug|Any CPU = Debug|Any CPU
		Release|Any CPU = Release|Any CPU
	EndGlobalSection
	GlobalSection(ProjectConfigurationPlatforms) = postSolution
		{F00D5703-AE7A-C986-5EE9-5D7CCE8FB42D}.Debug|Any CPU.ActiveCfg = Debug|Any CPU
		{F00D5703-AE7A-C986-5EE9-5D7CCE8FB42D}.Debug|Any CPU.Build.0 = Debug|Any CPU
		{F00D5703-AE7A-C986-5EE9-5D7CCE8FB42D}.Release|Any CPU.ActiveCfg = Release|Any CPU
		{F00D5703-AE7A-C986-5EE9-5D7CCE8FB42D}.Release|Any CPU.Build.0 = Release|Any CPU
	EndGlobalSection
	GlobalSection(SolutionProperties) = preSolution
		HideSolutionNode = FALSE
	EndGlobalSection
	GlobalSection(NestedProjects) = preSolution
		{F00D5703-AE7A-C986-5EE9-5D7CCE8FB42D} = {242F5566-4C95-CBE4-6D31-ED3EC80FD8E3}
	EndGlobalSection
	GlobalSection(ExtensibilityGlobals) = postSolution
		SolutionGuid = {1B5586A0-7D5B-4FD6-9479-7F855D1C70AA}
	EndGlobalSection
EndGlobal
